
Microsoft Visual Studio Solution File, Format Version 12.00
# Visual Studio Version 16
VisualStudioVersion = 16.0.33423.256
MinimumVisualStudioVersion = 10.0.40219.1
Project("{FAE04EC0-301F-11D3-BF4B-00C04F79EFBC}") = "Pharmacy management system", "Pharmacy management system\Pharmacy management system.csproj", "{C1434F0A-811A-41B6-9643-C447C362E4FA}"
EndProject
Global
	GlobalSection(SolutionConfigurationPlatforms) = preSolution
		Debug|Any CPU = Debug|Any CPU
		Release|Any CPU = Release|Any CPU
	EndGlobalSection
	GlobalSection(ProjectConfigurationPlatforms) = postSolution
		{C1434F0A-811A-41B6-9643-C447C362E4FA}.Debug|Any CPU.ActiveCfg = Debug|Any CPU
		{C1434F0A-811A-41B6-9643-C447C362E4FA}.Debug|Any CPU.Build.0 = Debug|Any CPU
		{C1434F0A-811A-41B6-9643-C447C362E4FA}.Release|Any CPU.ActiveCfg = Release|Any CPU
		{C1434F0A-811A-41B6-9643-C447C362E4FA}.Release|Any CPU.Build.0 = Release|Any CPU
	EndGlobalSection
	GlobalSection(SolutionProperties) = preSolution
		HideSolutionNode = FALSE
	EndGlobalSection
	GlobalSection(ExtensibilityGlobals) = postSolution
		SolutionGuid = {F8A20EBA-3D70-4557-9285-4C6D81CFA084}
	EndGlobalSection
EndGlobal
