
Microsoft Visual Studio Solution File, Format Version 12.00
# Visual Studio Version 16
VisualStudioVersion = 16.0.33423.256
MinimumVisualStudioVersion = 10.0.40219.1
Project("{FAE04EC0-301F-11D3-BF4B-00C04F79EFBC}") = "Ocean MS", "Ocean MS\Ocean MS.csproj", "{1083028D-801D-45E9-A40A-1EBB3E87EC0C}"
EndProject
Global
	GlobalSection(SolutionConfigurationPlatforms) = preSolution
		Debug|Any CPU = Debug|Any CPU
		Release|Any CPU = Release|Any CPU
	EndGlobalSection
	GlobalSection(ProjectConfigurationPlatforms) = postSolution
		{1083028D-801D-45E9-A40A-1EBB3E87EC0C}.Debug|Any CPU.ActiveCfg = Debug|Any CPU
		{1083028D-801D-45E9-A40A-1EBB3E87EC0C}.Debug|Any CPU.Build.0 = Debug|Any CPU
		{1083028D-801D-45E9-A40A-1EBB3E87EC0C}.Release|Any CPU.ActiveCfg = Release|Any CPU
		{1083028D-801D-45E9-A40A-1EBB3E87EC0C}.Release|Any CPU.Build.0 = Release|Any CPU
	EndGlobalSection
	GlobalSection(SolutionProperties) = preSolution
		HideSolutionNode = FALSE
	EndGlobalSection
	GlobalSection(ExtensibilityGlobals) = postSolution
		SolutionGuid = {6C031509-BF52-45F4-B00C-6C4CB34C7B93}
	EndGlobalSection
EndGlobal
